// !$*UTF8*$!
{
	archiveVersion = 1;
	classes = {
	};
	objectVersion = 56;
	objects = {

/* Begin PBXBuildFile section */
		10B8FD8329BD9C2600E4457F /* JBNU_BukBobApp.swift in Sources */ = {isa = PBXBuildFile; fileRef = 10B8FD8229BD9C2600E4457F /* JBNU_BukBobApp.swift */; };
		10B8FD8529BD9C2600E4457F /* ContentView.swift in Sources */ = {isa = PBXBuildFile; fileRef = 10B8FD8429BD9C2600E4457F /* ContentView.swift */; };
		10B8FD8729BD9C2700E4457F /* Assets.xcassets in Resources */ = {isa = PBXBuildFile; fileRef = 10B8FD8629BD9C2700E4457F /* Assets.xcassets */; };
		10B8FD8A29BD9C2700E4457F /* Preview Assets.xcassets in Resources */ = {isa = PBXBuildFile; fileRef = 10B8FD8929BD9C2700E4457F /* Preview Assets.xcassets */; };
		10B8FD8C29BD9C2700E4457F /* Persistence.swift in Sources */ = {isa = PBXBuildFile; fileRef = 10B8FD8B29BD9C2700E4457F /* Persistence.swift */; };
		10B8FD8F29BD9C2700E4457F /* JBNU_BukBob.xcdatamodeld in Sources */ = {isa = PBXBuildFile; fileRef = 10B8FD8D29BD9C2700E4457F /* JBNU_BukBob.xcdatamodeld */; };
		10B8FD9829BD9D5700E4457F /* MainView.swift in Sources */ = {isa = PBXBuildFile; fileRef = 10B8FD9729BD9D5700E4457F /* MainView.swift */; };
		10B8FD9A29BDA62400E4457F /* MenuCardView.swift in Sources */ = {isa = PBXBuildFile; fileRef = 10B8FD9929BDA62400E4457F /* MenuCardView.swift */; };
		10B8FD9E29BDA87800E4457F /* Static.swift in Sources */ = {isa = PBXBuildFile; fileRef = 10B8FD9D29BDA87800E4457F /* Static.swift */; };
		10B8FDA029BDC15700E4457F /* Color+Extension.swift in Sources */ = {isa = PBXBuildFile; fileRef = 10B8FD9F29BDC15700E4457F /* Color+Extension.swift */; };
		10B8FDA829BEC54800E4457F /* WidgetKit.framework in Frameworks */ = {isa = PBXBuildFile; fileRef = 10B8FDA729BEC54800E4457F /* WidgetKit.framework */; };
		10B8FDAA29BEC54800E4457F /* SwiftUI.framework in Frameworks */ = {isa = PBXBuildFile; fileRef = 10B8FDA929BEC54800E4457F /* SwiftUI.framework */; };
		10B8FDAD29BEC54800E4457F /* BukBobWidgetBundle.swift in Sources */ = {isa = PBXBuildFile; fileRef = 10B8FDAC29BEC54800E4457F /* BukBobWidgetBundle.swift */; };
		10B8FDAF29BEC54800E4457F /* BukBobWidgetLiveActivity.swift in Sources */ = {isa = PBXBuildFile; fileRef = 10B8FDAE29BEC54800E4457F /* BukBobWidgetLiveActivity.swift */; };
		10B8FDB129BEC54800E4457F /* BukBobWidget.swift in Sources */ = {isa = PBXBuildFile; fileRef = 10B8FDB029BEC54800E4457F /* BukBobWidget.swift */; };
		10B8FDB429BEC54900E4457F /* Assets.xcassets in Resources */ = {isa = PBXBuildFile; fileRef = 10B8FDB329BEC54900E4457F /* Assets.xcassets */; };
		10B8FDB629BEC54900E4457F /* BukBobWidget.intentdefinition in Sources */ = {isa = PBXBuildFile; fileRef = 10B8FDB229BEC54800E4457F /* BukBobWidget.intentdefinition */; };
		10B8FDB729BEC54900E4457F /* BukBobWidget.intentdefinition in Sources */ = {isa = PBXBuildFile; fileRef = 10B8FDB229BEC54800E4457F /* BukBobWidget.intentdefinition */; };
		10B8FDBA29BEC54900E4457F /* BukBobWidgetExtension.appex in Embed Foundation Extensions */ = {isa = PBXBuildFile; fileRef = 10B8FDA529BEC54800E4457F /* BukBobWidgetExtension.appex */; settings = {ATTRIBUTES = (RemoveHeadersOnCopy, ); }; };
		10B8FDC029C3654A00E4457F /* Cafeteria.swift in Sources */ = {isa = PBXBuildFile; fileRef = 10B8FDBF29C3654A00E4457F /* Cafeteria.swift */; };
/* End PBXBuildFile section */

/* Begin PBXContainerItemProxy section */
		10B8FDB829BEC54900E4457F /* PBXContainerItemProxy */ = {
			isa = PBXContainerItemProxy;
			containerPortal = 10B8FD7729BD9C2600E4457F /* Project object */;
			proxyType = 1;
			remoteGlobalIDString = 10B8FDA429BEC54800E4457F;
			remoteInfo = BukBobWidgetExtension;
		};
/* End PBXContainerItemProxy section */

/* Begin PBXCopyFilesBuildPhase section */
		10B8FDBB29BEC54900E4457F /* Embed Foundation Extensions */ = {
			isa = PBXCopyFilesBuildPhase;
			buildActionMask = 2147483647;
			dstPath = "";
			dstSubfolderSpec = 13;
			files = (
				10B8FDBA29BEC54900E4457F /* BukBobWidgetExtension.appex in Embed Foundation Extensions */,
			);
			name = "Embed Foundation Extensions";
			runOnlyForDeploymentPostprocessing = 0;
		};
/* End PBXCopyFilesBuildPhase section */

/* Begin PBXFileReference section */
		10B8FD7F29BD9C2600E4457F /* JBNU_BukBob.app */ = {isa = PBXFileReference; explicitFileType = wrapper.application; includeInIndex = 0; path = JBNU_BukBob.app; sourceTree = BUILT_PRODUCTS_DIR; };
		10B8FD8229BD9C2600E4457F /* JBNU_BukBobApp.swift */ = {isa = PBXFileReference; lastKnownFileType = sourcecode.swift; path = JBNU_BukBobApp.swift; sourceTree = "<group>"; };
		10B8FD8429BD9C2600E4457F /* ContentView.swift */ = {isa = PBXFileReference; lastKnownFileType = sourcecode.swift; path = ContentView.swift; sourceTree = "<group>"; };
		10B8FD8629BD9C2700E4457F /* Assets.xcassets */ = {isa = PBXFileReference; lastKnownFileType = folder.assetcatalog; path = Assets.xcassets; sourceTree = "<group>"; };
		10B8FD8929BD9C2700E4457F /* Preview Assets.xcassets */ = {isa = PBXFileReference; lastKnownFileType = folder.assetcatalog; path = "Preview Assets.xcassets"; sourceTree = "<group>"; };
		10B8FD8B29BD9C2700E4457F /* Persistence.swift */ = {isa = PBXFileReference; lastKnownFileType = sourcecode.swift; path = Persistence.swift; sourceTree = "<group>"; };
		10B8FD8E29BD9C2700E4457F /* JBNU_BukBob.xcdatamodel */ = {isa = PBXFileReference; lastKnownFileType = wrapper.xcdatamodel; path = JBNU_BukBob.xcdatamodel; sourceTree = "<group>"; };
		10B8FD9729BD9D5700E4457F /* MainView.swift */ = {isa = PBXFileReference; lastKnownFileType = sourcecode.swift; path = MainView.swift; sourceTree = "<group>"; };
		10B8FD9929BDA62400E4457F /* MenuCardView.swift */ = {isa = PBXFileReference; lastKnownFileType = sourcecode.swift; path = MenuCardView.swift; sourceTree = "<group>"; };
		10B8FD9D29BDA87800E4457F /* Static.swift */ = {isa = PBXFileReference; lastKnownFileType = sourcecode.swift; path = Static.swift; sourceTree = "<group>"; };
		10B8FD9F29BDC15700E4457F /* Color+Extension.swift */ = {isa = PBXFileReference; lastKnownFileType = sourcecode.swift; path = "Color+Extension.swift"; sourceTree = "<group>"; };
		10B8FDA529BEC54800E4457F /* BukBobWidgetExtension.appex */ = {isa = PBXFileReference; explicitFileType = "wrapper.app-extension"; includeInIndex = 0; path = BukBobWidgetExtension.appex; sourceTree = BUILT_PRODUCTS_DIR; };
		10B8FDA729BEC54800E4457F /* WidgetKit.framework */ = {isa = PBXFileReference; lastKnownFileType = wrapper.framework; name = WidgetKit.framework; path = System/Library/Frameworks/WidgetKit.framework; sourceTree = SDKROOT; };
		10B8FDA929BEC54800E4457F /* SwiftUI.framework */ = {isa = PBXFileReference; lastKnownFileType = wrapper.framework; name = SwiftUI.framework; path = System/Library/Frameworks/SwiftUI.framework; sourceTree = SDKROOT; };
		10B8FDAC29BEC54800E4457F /* BukBobWidgetBundle.swift */ = {isa = PBXFileReference; lastKnownFileType = sourcecode.swift; path = BukBobWidgetBundle.swift; sourceTree = "<group>"; };
		10B8FDAE29BEC54800E4457F /* BukBobWidgetLiveActivity.swift */ = {isa = PBXFileReference; lastKnownFileType = sourcecode.swift; path = BukBobWidgetLiveActivity.swift; sourceTree = "<group>"; };
		10B8FDB029BEC54800E4457F /* BukBobWidget.swift */ = {isa = PBXFileReference; lastKnownFileType = sourcecode.swift; path = BukBobWidget.swift; sourceTree = "<group>"; };
		10B8FDB229BEC54800E4457F /* BukBobWidget.intentdefinition */ = {isa = PBXFileReference; lastKnownFileType = file.intentdefinition; path = BukBobWidget.intentdefinition; sourceTree = "<group>"; };
		10B8FDB329BEC54900E4457F /* Assets.xcassets */ = {isa = PBXFileReference; lastKnownFileType = folder.assetcatalog; path = Assets.xcassets; sourceTree = "<group>"; };
		10B8FDB529BEC54900E4457F /* Info.plist */ = {isa = PBXFileReference; lastKnownFileType = text.plist.xml; path = Info.plist; sourceTree = "<group>"; };
		10B8FDBF29C3654A00E4457F /* Cafeteria.swift */ = {isa = PBXFileReference; lastKnownFileType = sourcecode.swift; path = Cafeteria.swift; sourceTree = "<group>"; };
/* End PBXFileReference section */

/* Begin PBXFrameworksBuildPhase section */
		10B8FD7C29BD9C2600E4457F /* Frameworks */ = {
			isa = PBXFrameworksBuildPhase;
			buildActionMask = 2147483647;
			files = (
			);
			runOnlyForDeploymentPostprocessing = 0;
		};
		10B8FDA229BEC54800E4457F /* Frameworks */ = {
			isa = PBXFrameworksBuildPhase;
			buildActionMask = 2147483647;
			files = (
				10B8FDAA29BEC54800E4457F /* SwiftUI.framework in Frameworks */,
				10B8FDA829BEC54800E4457F /* WidgetKit.framework in Frameworks */,
			);
			runOnlyForDeploymentPostprocessing = 0;
		};
/* End PBXFrameworksBuildPhase section */

/* Begin PBXGroup section */
		10B8FD7629BD9C2600E4457F = {
			isa = PBXGroup;
			children = (
				10B8FD8129BD9C2600E4457F /* JBNU_BukBob */,
				10B8FDAB29BEC54800E4457F /* BukBobWidget */,
				10B8FDA629BEC54800E4457F /* Frameworks */,
				10B8FD8029BD9C2600E4457F /* Products */,
			);
			sourceTree = "<group>";
		};
		10B8FD8029BD9C2600E4457F /* Products */ = {
			isa = PBXGroup;
			children = (
				10B8FD7F29BD9C2600E4457F /* JBNU_BukBob.app */,
				10B8FDA529BEC54800E4457F /* BukBobWidgetExtension.appex */,
			);
			name = Products;
			sourceTree = "<group>";
		};
		10B8FD8129BD9C2600E4457F /* JBNU_BukBob */ = {
			isa = PBXGroup;
			children = (
				10B8FD9B29BDA82E00E4457F /* Views */,
				10B8FD9C29BDA84D00E4457F /* Utilites */,
				10B8FD8229BD9C2600E4457F /* JBNU_BukBobApp.swift */,
				10B8FD8429BD9C2600E4457F /* ContentView.swift */,
				10B8FD8629BD9C2700E4457F /* Assets.xcassets */,
				10B8FD8B29BD9C2700E4457F /* Persistence.swift */,
				10B8FD8D29BD9C2700E4457F /* JBNU_BukBob.xcdatamodeld */,
				10B8FD8829BD9C2700E4457F /* Preview Content */,
				10B8FDBF29C3654A00E4457F /* Cafeteria.swift */,
			);
			path = JBNU_BukBob;
			sourceTree = "<group>";
		};
		10B8FD8829BD9C2700E4457F /* Preview Content */ = {
			isa = PBXGroup;
			children = (
				10B8FD8929BD9C2700E4457F /* Preview Assets.xcassets */,
			);
			path = "Preview Content";
			sourceTree = "<group>";
		};
		10B8FD9B29BDA82E00E4457F /* Views */ = {
			isa = PBXGroup;
			children = (
				10B8FD9729BD9D5700E4457F /* MainView.swift */,
				10B8FD9929BDA62400E4457F /* MenuCardView.swift */,
			);
			path = Views;
			sourceTree = "<group>";
		};
		10B8FD9C29BDA84D00E4457F /* Utilites */ = {
			isa = PBXGroup;
			children = (
				10B8FD9D29BDA87800E4457F /* Static.swift */,
				10B8FD9F29BDC15700E4457F /* Color+Extension.swift */,
			);
			path = Utilites;
			sourceTree = "<group>";
		};
		10B8FDA629BEC54800E4457F /* Frameworks */ = {
			isa = PBXGroup;
			children = (
				10B8FDA729BEC54800E4457F /* WidgetKit.framework */,
				10B8FDA929BEC54800E4457F /* SwiftUI.framework */,
			);
			name = Frameworks;
			sourceTree = "<group>";
		};
		10B8FDAB29BEC54800E4457F /* BukBobWidget */ = {
			isa = PBXGroup;
			children = (
				10B8FDAC29BEC54800E4457F /* BukBobWidgetBundle.swift */,
				10B8FDAE29BEC54800E4457F /* BukBobWidgetLiveActivity.swift */,
				10B8FDB029BEC54800E4457F /* BukBobWidget.swift */,
				10B8FDB229BEC54800E4457F /* BukBobWidget.intentdefinition */,
				10B8FDB329BEC54900E4457F /* Assets.xcassets */,
				10B8FDB529BEC54900E4457F /* Info.plist */,
			);
			path = BukBobWidget;
			sourceTree = "<group>";
		};
/* End PBXGroup section */

/* Begin PBXNativeTarget section */
		10B8FD7E29BD9C2600E4457F /* JBNU_BukBob */ = {
			isa = PBXNativeTarget;
			buildConfigurationList = 10B8FD9229BD9C2700E4457F /* Build configuration list for PBXNativeTarget "JBNU_BukBob" */;
			buildPhases = (
				10B8FD7B29BD9C2600E4457F /* Sources */,
				10B8FD7C29BD9C2600E4457F /* Frameworks */,
				10B8FD7D29BD9C2600E4457F /* Resources */,
				10B8FDBB29BEC54900E4457F /* Embed Foundation Extensions */,
			);
			buildRules = (
			);
			dependencies = (
				10B8FDB929BEC54900E4457F /* PBXTargetDependency */,
			);
			name = JBNU_BukBob;
			productName = JBNU_BukBob;
			productReference = 10B8FD7F29BD9C2600E4457F /* JBNU_BukBob.app */;
			productType = "com.apple.product-type.application";
		};
		10B8FDA429BEC54800E4457F /* BukBobWidgetExtension */ = {
			isa = PBXNativeTarget;
			buildConfigurationList = 10B8FDBE29BEC54900E4457F /* Build configuration list for PBXNativeTarget "BukBobWidgetExtension" */;
			buildPhases = (
				10B8FDA129BEC54800E4457F /* Sources */,
				10B8FDA229BEC54800E4457F /* Frameworks */,
				10B8FDA329BEC54800E4457F /* Resources */,
			);
			buildRules = (
			);
			dependencies = (
			);
			name = BukBobWidgetExtension;
			productName = BukBobWidgetExtension;
			productReference = 10B8FDA529BEC54800E4457F /* BukBobWidgetExtension.appex */;
			productType = "com.apple.product-type.app-extension";
		};
/* End PBXNativeTarget section */

/* Begin PBXProject section */
		10B8FD7729BD9C2600E4457F /* Project object */ = {
			isa = PBXProject;
			attributes = {
				BuildIndependentTargetsInParallel = 1;
				LastSwiftUpdateCheck = 1420;
				LastUpgradeCheck = 1420;
				TargetAttributes = {
					10B8FD7E29BD9C2600E4457F = {
						CreatedOnToolsVersion = 14.2;
					};
					10B8FDA429BEC54800E4457F = {
						CreatedOnToolsVersion = 14.2;
					};
				};
			};
			buildConfigurationList = 10B8FD7A29BD9C2600E4457F /* Build configuration list for PBXProject "JBNU_BukBob" */;
			compatibilityVersion = "Xcode 14.0";
			developmentRegion = en;
			hasScannedForEncodings = 0;
			knownRegions = (
				en,
				Base,
			);
			mainGroup = 10B8FD7629BD9C2600E4457F;
			productRefGroup = 10B8FD8029BD9C2600E4457F /* Products */;
			projectDirPath = "";
			projectRoot = "";
			targets = (
				10B8FD7E29BD9C2600E4457F /* JBNU_BukBob */,
				10B8FDA429BEC54800E4457F /* BukBobWidgetExtension */,
			);
		};
/* End PBXProject section */

/* Begin PBXResourcesBuildPhase section */
		10B8FD7D29BD9C2600E4457F /* Resources */ = {
			isa = PBXResourcesBuildPhase;
			buildActionMask = 2147483647;
			files = (
				10B8FD8A29BD9C2700E4457F /* Preview Assets.xcassets in Resources */,
				10B8FD8729BD9C2700E4457F /* Assets.xcassets in Resources */,
			);
			runOnlyForDeploymentPostprocessing = 0;
		};
		10B8FDA329BEC54800E4457F /* Resources */ = {
			isa = PBXResourcesBuildPhase;
			buildActionMask = 2147483647;
			files = (
				10B8FDB429BEC54900E4457F /* Assets.xcassets in Resources */,
			);
			runOnlyForDeploymentPostprocessing = 0;
		};
/* End PBXResourcesBuildPhase section */

/* Begin PBXSourcesBuildPhase section */
		10B8FD7B29BD9C2600E4457F /* Sources */ = {
			isa = PBXSourcesBuildPhase;
			buildActionMask = 2147483647;
			files = (
				10B8FD8C29BD9C2700E4457F /* Persistence.swift in Sources */,
				10B8FDB729BEC54900E4457F /* BukBobWidget.intentdefinition in Sources */,
				10B8FD8529BD9C2600E4457F /* ContentView.swift in Sources */,
				10B8FD8329BD9C2600E4457F /* JBNU_BukBobApp.swift in Sources */,
				10B8FD9829BD9D5700E4457F /* MainView.swift in Sources */,
				10B8FDC029C3654A00E4457F /* Cafeteria.swift in Sources */,
				10B8FD8F29BD9C2700E4457F /* JBNU_BukBob.xcdatamodeld in Sources */,
				10B8FD9A29BDA62400E4457F /* MenuCardView.swift in Sources */,
				10B8FD9E29BDA87800E4457F /* Static.swift in Sources */,
				10B8FDA029BDC15700E4457F /* Color+Extension.swift in Sources */,
			);
			runOnlyForDeploymentPostprocessing = 0;
		};
		10B8FDA129BEC54800E4457F /* Sources */ = {
			isa = PBXSourcesBuildPhase;
			buildActionMask = 2147483647;
			files = (
				10B8FDAD29BEC54800E4457F /* BukBobWidgetBundle.swift in Sources */,
				10B8FDAF29BEC54800E4457F /* BukBobWidgetLiveActivity.swift in Sources */,
				10B8FDB129BEC54800E4457F /* BukBobWidget.swift in Sources */,
				10B8FDB629BEC54900E4457F /* BukBobWidget.intentdefinition in Sources */,
			);
			runOnlyForDeploymentPostprocessing = 0;
		};
/* End PBXSourcesBuildPhase section */

/* Begin PBXTargetDependency section */
		10B8FDB929BEC54900E4457F /* PBXTargetDependency */ = {
			isa = PBXTargetDependency;
			target = 10B8FDA429BEC54800E4457F /* BukBobWidgetExtension */;
			targetProxy = 10B8FDB829BEC54900E4457F /* PBXContainerItemProxy */;
		};
/* End PBXTargetDependency section */

/* Begin XCBuildConfiguration section */
		10B8FD9029BD9C2700E4457F /* Debug */ = {
			isa = XCBuildConfiguration;
			buildSettings = {
				ALWAYS_SEARCH_USER_PATHS = NO;
				CLANG_ANALYZER_NONNULL = YES;
				CLANG_ANALYZER_NUMBER_OBJECT_CONVERSION = YES_AGGRESSIVE;
				CLANG_CXX_LANGUAGE_STANDARD = "gnu++20";
				CLANG_ENABLE_MODULES = YES;
				CLANG_ENABLE_OBJC_ARC = YES;
				CLANG_ENABLE_OBJC_WEAK = YES;
				CLANG_WARN_BLOCK_CAPTURE_AUTORELEASING = YES;
				CLANG_WARN_BOOL_CONVERSION = YES;
				CLANG_WARN_COMMA = YES;
				CLANG_WARN_CONSTANT_CONVERSION = YES;
				CLANG_WARN_DEPRECATED_OBJC_IMPLEMENTATIONS = YES;
				CLANG_WARN_DIRECT_OBJC_ISA_USAGE = YES_ERROR;
				CLANG_WARN_DOCUMENTATION_COMMENTS = YES;
				CLANG_WARN_EMPTY_BODY = YES;
				CLANG_WARN_ENUM_CONVERSION = YES;
				CLANG_WARN_INFINITE_RECURSION = YES;
				CLANG_WARN_INT_CONVERSION = YES;
				CLANG_WARN_NON_LITERAL_NULL_CONVERSION = YES;
				CLANG_WARN_OBJC_IMPLICIT_RETAIN_SELF = YES;
				CLANG_WARN_OBJC_LITERAL_CONVERSION = YES;
				CLANG_WARN_OBJC_ROOT_CLASS = YES_ERROR;
				CLANG_WARN_QUOTED_INCLUDE_IN_FRAMEWORK_HEADER = YES;
				CLANG_WARN_RANGE_LOOP_ANALYSIS = YES;
				CLANG_WARN_STRICT_PROTOTYPES = YES;
				CLANG_WARN_SUSPICIOUS_MOVE = YES;
				CLANG_WARN_UNGUARDED_AVAILABILITY = YES_AGGRESSIVE;
				CLANG_WARN_UNREACHABLE_CODE = YES;
				CLANG_WARN__DUPLICATE_METHOD_MATCH = YES;
				COPY_PHASE_STRIP = NO;
				DEBUG_INFORMATION_FORMAT = dwarf;
				ENABLE_STRICT_OBJC_MSGSEND = YES;
				ENABLE_TESTABILITY = YES;
				GCC_C_LANGUAGE_STANDARD = gnu11;
				GCC_DYNAMIC_NO_PIC = NO;
				GCC_NO_COMMON_BLOCKS = YES;
				GCC_OPTIMIZATION_LEVEL = 0;
				GCC_PREPROCESSOR_DEFINITIONS = (
					"DEBUG=1",
					"$(inherited)",
				);
				GCC_WARN_64_TO_32_BIT_CONVERSION = YES;
				GCC_WARN_ABOUT_RETURN_TYPE = YES_ERROR;
				GCC_WARN_UNDECLARED_SELECTOR = YES;
				GCC_WARN_UNINITIALIZED_AUTOS = YES_AGGRESSIVE;
				GCC_WARN_UNUSED_FUNCTION = YES;
				GCC_WARN_UNUSED_VARIABLE = YES;
				IPHONEOS_DEPLOYMENT_TARGET = 16.2;
				MTL_ENABLE_DEBUG_INFO = INCLUDE_SOURCE;
				MTL_FAST_MATH = YES;
				ONLY_ACTIVE_ARCH = YES;
				SDKROOT = iphoneos;
				SWIFT_ACTIVE_COMPILATION_CONDITIONS = DEBUG;
				SWIFT_OPTIMIZATION_LEVEL = "-Onone";
			};
			name = Debug;
		};
		10B8FD9129BD9C2700E4457F /* Release */ = {
			isa = XCBuildConfiguration;
			buildSettings = {
				ALWAYS_SEARCH_USER_PATHS = NO;
				CLANG_ANALYZER_NONNULL = YES;
				CLANG_ANALYZER_NUMBER_OBJECT_CONVERSION = YES_AGGRESSIVE;
				CLANG_CXX_LANGUAGE_STANDARD = "gnu++20";
				CLANG_ENABLE_MODULES = YES;
				CLANG_ENABLE_OBJC_ARC = YES;
				CLANG_ENABLE_OBJC_WEAK = YES;
				CLANG_WARN_BLOCK_CAPTURE_AUTORELEASING = YES;
				CLANG_WARN_BOOL_CONVERSION = YES;
				CLANG_WARN_COMMA = YES;
				CLANG_WARN_CONSTANT_CONVERSION = YES;
				CLANG_WARN_DEPRECATED_OBJC_IMPLEMENTATIONS = YES;
				CLANG_WARN_DIRECT_OBJC_ISA_USAGE = YES_ERROR;
				CLANG_WARN_DOCUMENTATION_COMMENTS = YES;
				CLANG_WARN_EMPTY_BODY = YES;
				CLANG_WARN_ENUM_CONVERSION = YES;
				CLANG_WARN_INFINITE_RECURSION = YES;
				CLANG_WARN_INT_CONVERSION = YES;
				CLANG_WARN_NON_LITERAL_NULL_CONVERSION = YES;
				CLANG_WARN_OBJC_IMPLICIT_RETAIN_SELF = YES;
				CLANG_WARN_OBJC_LITERAL_CONVERSION = YES;
				CLANG_WARN_OBJC_ROOT_CLASS = YES_ERROR;
				CLANG_WARN_QUOTED_INCLUDE_IN_FRAMEWORK_HEADER = YES;
				CLANG_WARN_RANGE_LOOP_ANALYSIS = YES;
				CLANG_WARN_STRICT_PROTOTYPES = YES;
				CLANG_WARN_SUSPICIOUS_MOVE = YES;
				CLANG_WARN_UNGUARDED_AVAILABILITY = YES_AGGRESSIVE;
				CLANG_WARN_UNREACHABLE_CODE = YES;
				CLANG_WARN__DUPLICATE_METHOD_MATCH = YES;
				COPY_PHASE_STRIP = NO;
				DEBUG_INFORMATION_FORMAT = "dwarf-with-dsym";
				ENABLE_NS_ASSERTIONS = NO;
				ENABLE_STRICT_OBJC_MSGSEND = YES;
				GCC_C_LANGUAGE_STANDARD = gnu11;
				GCC_NO_COMMON_BLOCKS = YES;
				GCC_WARN_64_TO_32_BIT_CONVERSION = YES;
				GCC_WARN_ABOUT_RETURN_TYPE = YES_ERROR;
				GCC_WARN_UNDECLARED_SELECTOR = YES;
				GCC_WARN_UNINITIALIZED_AUTOS = YES_AGGRESSIVE;
				GCC_WARN_UNUSED_FUNCTION = YES;
				GCC_WARN_UNUSED_VARIABLE = YES;
				IPHONEOS_DEPLOYMENT_TARGET = 16.2;
				MTL_ENABLE_DEBUG_INFO = NO;
				MTL_FAST_MATH = YES;
				SDKROOT = iphoneos;
				SWIFT_COMPILATION_MODE = wholemodule;
				SWIFT_OPTIMIZATION_LEVEL = "-O";
				VALIDATE_PRODUCT = YES;
			};
			name = Release;
		};
		10B8FD9329BD9C2700E4457F /* Debug */ = {
			isa = XCBuildConfiguration;
			buildSettings = {
				ALWAYS_EMBED_SWIFT_STANDARD_LIBRARIES = YES;
				ASSETCATALOG_COMPILER_APPICON_NAME = AppIcon;
				ASSETCATALOG_COMPILER_GLOBAL_ACCENT_COLOR_NAME = AccentColor;
				CODE_SIGN_STYLE = Automatic;
				CURRENT_PROJECT_VERSION = 1;
				DEVELOPMENT_ASSET_PATHS = "\"JBNU_BukBob/Preview Content\"";
				DEVELOPMENT_TEAM = 5N6FVFS939;
				ENABLE_PREVIEWS = YES;
				GENERATE_INFOPLIST_FILE = YES;
				INFOPLIST_KEY_UIApplicationSceneManifest_Generation = YES;
				INFOPLIST_KEY_UIApplicationSupportsIndirectInputEvents = YES;
				INFOPLIST_KEY_UILaunchScreen_Generation = YES;
				INFOPLIST_KEY_UISupportedInterfaceOrientations_iPad = "UIInterfaceOrientationPortrait UIInterfaceOrientationPortraitUpsideDown UIInterfaceOrientationLandscapeLeft UIInterfaceOrientationLandscapeRight";
				INFOPLIST_KEY_UISupportedInterfaceOrientations_iPhone = "UIInterfaceOrientationPortrait UIInterfaceOrientationLandscapeLeft UIInterfaceOrientationLandscapeRight";
				LD_RUNPATH_SEARCH_PATHS = (
					"$(inherited)",
					"@executable_path/Frameworks",
				);
				MARKETING_VERSION = 1.0;
				PRODUCT_BUNDLE_IDENTIFIER = "from.Hardy.JBNU-BukBob";
				PRODUCT_NAME = "$(TARGET_NAME)";
				SWIFT_EMIT_LOC_STRINGS = YES;
				SWIFT_VERSION = 5.0;
				TARGETED_DEVICE_FAMILY = "1,2";
			};
			name = Debug;
		};
		10B8FD9429BD9C2700E4457F /* Release */ = {
			isa = XCBuildConfiguration;
			buildSettings = {
				ALWAYS_EMBED_SWIFT_STANDARD_LIBRARIES = YES;
				ASSETCATALOG_COMPILER_APPICON_NAME = AppIcon;
				ASSETCATALOG_COMPILER_GLOBAL_ACCENT_COLOR_NAME = AccentColor;
				CODE_SIGN_STYLE = Automatic;
				CURRENT_PROJECT_VERSION = 1;
				DEVELOPMENT_ASSET_PATHS = "\"JBNU_BukBob/Preview Content\"";
				DEVELOPMENT_TEAM = 5N6FVFS939;
				ENABLE_PREVIEWS = YES;
				GENERATE_INFOPLIST_FILE = YES;
				INFOPLIST_KEY_UIApplicationSceneManifest_Generation = YES;
				INFOPLIST_KEY_UIApplicationSupportsIndirectInputEvents = YES;
				INFOPLIST_KEY_UILaunchScreen_Generation = YES;
				INFOPLIST_KEY_UISupportedInterfaceOrientations_iPad = "UIInterfaceOrientationPortrait UIInterfaceOrientationPortraitUpsideDown UIInterfaceOrientationLandscapeLeft UIInterfaceOrientationLandscapeRight";
				INFOPLIST_KEY_UISupportedInterfaceOrientations_iPhone = "UIInterfaceOrientationPortrait UIInterfaceOrientationLandscapeLeft UIInterfaceOrientationLandscapeRight";
				LD_RUNPATH_SEARCH_PATHS = (
					"$(inherited)",
					"@executable_path/Frameworks",
				);
				MARKETING_VERSION = 1.0;
				PRODUCT_BUNDLE_IDENTIFIER = "from.Hardy.JBNU-BukBob";
				PRODUCT_NAME = "$(TARGET_NAME)";
				SWIFT_EMIT_LOC_STRINGS = YES;
				SWIFT_VERSION = 5.0;
				TARGETED_DEVICE_FAMILY = "1,2";
			};
			name = Release;
		};
		10B8FDBC29BEC54900E4457F /* Debug */ = {
			isa = XCBuildConfiguration;
			buildSettings = {
				ASSETCATALOG_COMPILER_GLOBAL_ACCENT_COLOR_NAME = AccentColor;
				ASSETCATALOG_COMPILER_WIDGET_BACKGROUND_COLOR_NAME = WidgetBackground;
				CODE_SIGN_STYLE = Automatic;
				CURRENT_PROJECT_VERSION = 1;
				DEVELOPMENT_TEAM = 5N6FVFS939;
				GENERATE_INFOPLIST_FILE = YES;
				INFOPLIST_FILE = BukBobWidget/Info.plist;
				INFOPLIST_KEY_CFBundleDisplayName = BukBobWidget;
				INFOPLIST_KEY_NSHumanReadableCopyright = "";
				LD_RUNPATH_SEARCH_PATHS = (
					"$(inherited)",
					"@executable_path/Frameworks",
					"@executable_path/../../Frameworks",
				);
				MARKETING_VERSION = 1.0;
				PRODUCT_BUNDLE_IDENTIFIER = "from.Hardy.JBNU-BukBob.BukBobWidget";
				PRODUCT_NAME = "$(TARGET_NAME)";
				SKIP_INSTALL = YES;
				SWIFT_EMIT_LOC_STRINGS = YES;
				SWIFT_VERSION = 5.0;
				TARGETED_DEVICE_FAMILY = "1,2";
			};
			name = Debug;
		};
		10B8FDBD29BEC54900E4457F /* Release */ = {
			isa = XCBuildConfiguration;
			buildSettings = {
				ASSETCATALOG_COMPILER_GLOBAL_ACCENT_COLOR_NAME = AccentColor;
				ASSETCATALOG_COMPILER_WIDGET_BACKGROUND_COLOR_NAME = WidgetBackground;
				CODE_SIGN_STYLE = Automatic;
				CURRENT_PROJECT_VERSION = 1;
				DEVELOPMENT_TEAM = 5N6FVFS939;
				GENERATE_INFOPLIST_FILE = YES;
				INFOPLIST_FILE = BukBobWidget/Info.plist;
				INFOPLIST_KEY_CFBundleDisplayName = BukBobWidget;
				INFOPLIST_KEY_NSHumanReadableCopyright = "";
				LD_RUNPATH_SEARCH_PATHS = (
					"$(inherited)",
					"@executable_path/Frameworks",
					"@executable_path/../../Frameworks",
				);
				MARKETING_VERSION = 1.0;
				PRODUCT_BUNDLE_IDENTIFIER = "from.Hardy.JBNU-BukBob.BukBobWidget";
				PRODUCT_NAME = "$(TARGET_NAME)";
				SKIP_INSTALL = YES;
				SWIFT_EMIT_LOC_STRINGS = YES;
				SWIFT_VERSION = 5.0;
				TARGETED_DEVICE_FAMILY = "1,2";
			};
			name = Release;
		};
/* End XCBuildConfiguration section */

/* Begin XCConfigurationList section */
		10B8FD7A29BD9C2600E4457F /* Build configuration list for PBXProject "JBNU_BukBob" */ = {
			isa = XCConfigurationList;
			buildConfigurations = (
				10B8FD9029BD9C2700E4457F /* Debug */,
				10B8FD9129BD9C2700E4457F /* Release */,
			);
			defaultConfigurationIsVisible = 0;
			defaultConfigurationName = Release;
		};
		10B8FD9229BD9C2700E4457F /* Build configuration list for PBXNativeTarget "JBNU_BukBob" */ = {
			isa = XCConfigurationList;
			buildConfigurations = (
				10B8FD9329BD9C2700E4457F /* Debug */,
				10B8FD9429BD9C2700E4457F /* Release */,
			);
			defaultConfigurationIsVisible = 0;
			defaultConfigurationName = Release;
		};
		10B8FDBE29BEC54900E4457F /* Build configuration list for PBXNativeTarget "BukBobWidgetExtension" */ = {
			isa = XCConfigurationList;
			buildConfigurations = (
				10B8FDBC29BEC54900E4457F /* Debug */,
				10B8FDBD29BEC54900E4457F /* Release */,
			);
			defaultConfigurationIsVisible = 0;
			defaultConfigurationName = Release;
		};
/* End XCConfigurationList section */

/* Begin XCVersionGroup section */
		10B8FD8D29BD9C2700E4457F /* JBNU_BukBob.xcdatamodeld */ = {
			isa = XCVersionGroup;
			children = (
				10B8FD8E29BD9C2700E4457F /* JBNU_BukBob.xcdatamodel */,
			);
			currentVersion = 10B8FD8E29BD9C2700E4457F /* JBNU_BukBob.xcdatamodel */;
			path = JBNU_BukBob.xcdatamodeld;
			sourceTree = "<group>";
			versionGroupType = wrapper.xcdatamodel;
		};
/* End XCVersionGroup section */
	};
	rootObject = 10B8FD7729BD9C2600E4457F /* Project object */;
}
